// !$*UTF8*$!
{
	archiveVersion = 1;
	classes = {
	};
	objectVersion = 50;
	objects = {

/* Begin PBXBuildFile section */
		BAD58F372712A94500BC1A15 /* newsApp_SwiftUIApp.swift in Sources */ = {isa = PBXBuildFile; fileRef = BAD58F362712A94500BC1A15 /* newsApp_SwiftUIApp.swift */; };
		BAD58F392712A94500BC1A15 /* ContentView.swift in Sources */ = {isa = PBXBuildFile; fileRef = BAD58F382712A94500BC1A15 /* ContentView.swift */; };
		BAD58F3B2712A94700BC1A15 /* Assets.xcassets in Resources */ = {isa = PBXBuildFile; fileRef = BAD58F3A2712A94700BC1A15 /* Assets.xcassets */; };
		BAD58F3E2712A94700BC1A15 /* Preview Assets.xcassets in Resources */ = {isa = PBXBuildFile; fileRef = BAD58F3D2712A94700BC1A15 /* Preview Assets.xcassets */; };
		BAD58F472712AC2300BC1A15 /* Networking.swift in Sources */ = {isa = PBXBuildFile; fileRef = BAD58F462712AC2300BC1A15 /* Networking.swift */; };
		BAD58F492712B22500BC1A15 /* NewsData.swift in Sources */ = {isa = PBXBuildFile; fileRef = BAD58F482712B22500BC1A15 /* NewsData.swift */; };
		BAD58F4C2712BE9500BC1A15 /* DetailedPost.swift in Sources */ = {isa = PBXBuildFile; fileRef = BAD58F4B2712BE9500BC1A15 /* DetailedPost.swift */; };
		BAD58F4E2712CDA000BC1A15 /* WebView.swift in Sources */ = {isa = PBXBuildFile; fileRef = BAD58F4D2712CDA000BC1A15 /* WebView.swift */; };
/* End PBXBuildFile section */

/* Begin PBXFileReference section */
		BAD58F332712A94500BC1A15 /* newsApp-SwiftUI.app */ = {isa = PBXFileReference; explicitFileType = wrapper.application; includeInIndex = 0; path = "newsApp-SwiftUI.app"; sourceTree = BUILT_PRODUCTS_DIR; };
		BAD58F362712A94500BC1A15 /* newsApp_SwiftUIApp.swift */ = {isa = PBXFileReference; lastKnownFileType = sourcecode.swift; path = newsApp_SwiftUIApp.swift; sourceTree = "<group>"; };
		BAD58F382712A94500BC1A15 /* ContentView.swift */ = {isa = PBXFileReference; lastKnownFileType = sourcecode.swift; path = ContentView.swift; sourceTree = "<group>"; };
		BAD58F3A2712A94700BC1A15 /* Assets.xcassets */ = {isa = PBXFileReference; lastKnownFileType = folder.assetcatalog; path = Assets.xcassets; sourceTree = "<group>"; };
		BAD58F3D2712A94700BC1A15 /* Preview Assets.xcassets */ = {isa = PBXFileReference; lastKnownFileType = folder.assetcatalog; path = "Preview Assets.xcassets"; sourceTree = "<group>"; };
		BAD58F3F2712A94700BC1A15 /* Info.plist */ = {isa = PBXFileReference; lastKnownFileType = text.plist.xml; path = Info.plist; sourceTree = "<group>"; };
		BAD58F462712AC2300BC1A15 /* Networking.swift */ = {isa = PBXFileReference; lastKnownFileType = sourcecode.swift; path = Networking.swift; sourceTree = "<group>"; };
		BAD58F482712B22500BC1A15 /* NewsData.swift */ = {isa = PBXFileReference; lastKnownFileType = sourcecode.swift; path = NewsData.swift; sourceTree = "<group>"; };
		BAD58F4B2712BE9500BC1A15 /* DetailedPost.swift */ = {isa = PBXFileReference; lastKnownFileType = sourcecode.swift; path = DetailedPost.swift; sourceTree = "<group>"; };
		BAD58F4D2712CDA000BC1A15 /* WebView.swift */ = {isa = PBXFileReference; lastKnownFileType = sourcecode.swift; path = WebView.swift; sourceTree = "<group>"; };
/* End PBXFileReference section */

/* Begin PBXFrameworksBuildPhase section */
		BAD58F302712A94500BC1A15 /* Frameworks */ = {
			isa = PBXFrameworksBuildPhase;
			buildActionMask = 2147483647;
			files = (
			);
			runOnlyForDeploymentPostprocessing = 0;
		};
/* End PBXFrameworksBuildPhase section */

/* Begin PBXGroup section */
		BAD58F2A2712A94500BC1A15 = {
			isa = PBXGroup;
			children = (
				BAD58F352712A94500BC1A15 /* newsApp-SwiftUI */,
				BAD58F342712A94500BC1A15 /* Products */,
			);
			sourceTree = "<group>";
		};
		BAD58F342712A94500BC1A15 /* Products */ = {
			isa = PBXGroup;
			children = (
				BAD58F332712A94500BC1A15 /* newsApp-SwiftUI.app */,
			);
			name = Products;
			sourceTree = "<group>";
		};
		BAD58F352712A94500BC1A15 /* newsApp-SwiftUI */ = {
			isa = PBXGroup;
			children = (
				BAD58F4A2712BE3100BC1A15 /* views */,
				BAD58F452712AC1000BC1A15 /* models */,
				BAD58F362712A94500BC1A15 /* newsApp_SwiftUIApp.swift */,
				BAD58F3A2712A94700BC1A15 /* Assets.xcassets */,
				BAD58F3F2712A94700BC1A15 /* Info.plist */,
				BAD58F3C2712A94700BC1A15 /* Preview Content */,
			);
			path = "newsApp-SwiftUI";
			sourceTree = "<group>";
		};
		BAD58F3C2712A94700BC1A15 /* Preview Content */ = {
			isa = PBXGroup;
			children = (
				BAD58F3D2712A94700BC1A15 /* Preview Assets.xcassets */,
			);
			path = "Preview Content";
			sourceTree = "<group>";
		};
		BAD58F452712AC1000BC1A15 /* models */ = {
			isa = PBXGroup;
			children = (
				BAD58F462712AC2300BC1A15 /* Networking.swift */,
				BAD58F482712B22500BC1A15 /* NewsData.swift */,
			);
			path = models;
			sourceTree = "<group>";
		};
		BAD58F4A2712BE3100BC1A15 /* views */ = {
			isa = PBXGroup;
			children = (
				BAD58F382712A94500BC1A15 /* ContentView.swift */,
				BAD58F4B2712BE9500BC1A15 /* DetailedPost.swift */,
				BAD58F4D2712CDA000BC1A15 /* WebView.swift */,
			);
			path = views;
			sourceTree = "<group>";
		};
/* End PBXGroup section */

/* Begin PBXNativeTarget section */
		BAD58F322712A94500BC1A15 /* newsApp-SwiftUI */ = {
			isa = PBXNativeTarget;
			buildConfigurationList = BAD58F422712A94700BC1A15 /* Build configuration list for PBXNativeTarget "newsApp-SwiftUI" */;
			buildPhases = (
				BAD58F2F2712A94500BC1A15 /* Sources */,
				BAD58F302712A94500BC1A15 /* Frameworks */,
				BAD58F312712A94500BC1A15 /* Resources */,
			);
			buildRules = (
			);
			dependencies = (
			);
			name = "newsApp-SwiftUI";
			productName = "newsApp-SwiftUI";
			productReference = BAD58F332712A94500BC1A15 /* newsApp-SwiftUI.app */;
			productType = "com.apple.product-type.application";
		};
/* End PBXNativeTarget section */

/* Begin PBXProject section */
		BAD58F2B2712A94500BC1A15 /* Project object */ = {
			isa = PBXProject;
			attributes = {
				LastSwiftUpdateCheck = 1250;
				LastUpgradeCheck = 1250;
				TargetAttributes = {
					BAD58F322712A94500BC1A15 = {
						CreatedOnToolsVersion = 12.5.1;
					};
				};
			};
			buildConfigurationList = BAD58F2E2712A94500BC1A15 /* Build configuration list for PBXProject "newsApp-SwiftUI" */;
			compatibilityVersion = "Xcode 9.3";
			developmentRegion = en;
			hasScannedForEncodings = 0;
			knownRegions = (
				en,
				Base,
			);
			mainGroup = BAD58F2A2712A94500BC1A15;
			productRefGroup = BAD58F342712A94500BC1A15 /* Products */;
			projectDirPath = "";
			projectRoot = "";
			targets = (
				BAD58F322712A94500BC1A15 /* newsApp-SwiftUI */,
			);
		};
/* End PBXProject section */

/* Begin PBXResourcesBuildPhase section */
		BAD58F312712A94500BC1A15 /* Resources */ = {
			isa = PBXResourcesBuildPhase;
			buildActionMask = 2147483647;
			files = (
				BAD58F3E2712A94700BC1A15 /* Preview Assets.xcassets in Resources */,
				BAD58F3B2712A94700BC1A15 /* Assets.xcassets in Resources */,
			);
			runOnlyForDeploymentPostprocessing = 0;
		};
/* End PBXResourcesBuildPhase section */

/* Begin PBXSourcesBuildPhase section */
		BAD58F2F2712A94500BC1A15 /* Sources */ = {
			isa = PBXSourcesBuildPhase;
			buildActionMask = 2147483647;
			files = (
				BAD58F492712B22500BC1A15 /* NewsData.swift in Sources */,
				BAD58F472712AC2300BC1A15 /* Networking.swift in Sources */,
				BAD58F4C2712BE9500BC1A15 /* DetailedPost.swift in Sources */,
				BAD58F4E2712CDA000BC1A15 /* WebView.swift in Sources */,
				BAD58F392712A94500BC1A15 /* ContentView.swift in Sources */,
				BAD58F372712A94500BC1A15 /* newsApp_SwiftUIApp.swift in Sources */,
			);
			runOnlyForDeploymentPostprocessing = 0;
		};
/* End PBXSourcesBuildPhase section */

/* Begin XCBuildConfiguration section */
		BAD58F402712A94700BC1A15 /* Debug */ = {
			isa = XCBuildConfiguration;
			buildSettings = {
				ALWAYS_SEARCH_USER_PATHS = NO;
				CLANG_ANALYZER_NONNULL = YES;
				CLANG_ANALYZER_NUMBER_OBJECT_CONVERSION = YES_AGGRESSIVE;
				CLANG_CXX_LANGUAGE_STANDARD = "gnu++14";
				CLANG_CXX_LIBRARY = "libc++";
				CLANG_ENABLE_MODULES = YES;
				CLANG_ENABLE_OBJC_ARC = YES;
				CLANG_ENABLE_OBJC_WEAK = YES;
				CLANG_WARN_BLOCK_CAPTURE_AUTORELEASING = YES;
				CLANG_WARN_BOOL_CONVERSION = YES;
				CLANG_WARN_COMMA = YES;
				CLANG_WARN_CONSTANT_CONVERSION = YES;
				CLANG_WARN_DEPRECATED_OBJC_IMPLEMENTATIONS = YES;
				CLANG_WARN_DIRECT_OBJC_ISA_USAGE = YES_ERROR;
				CLANG_WARN_DOCUMENTATION_COMMENTS = YES;
				CLANG_WARN_EMPTY_BODY = YES;
				CLANG_WARN_ENUM_CONVERSION = YES;
				CLANG_WARN_INFINITE_RECURSION = YES;
				CLANG_WARN_INT_CONVERSION = YES;
				CLANG_WARN_NON_LITERAL_NULL_CONVERSION = YES;
				CLANG_WARN_OBJC_IMPLICIT_RETAIN_SELF = YES;
				CLANG_WARN_OBJC_LITERAL_CONVERSION = YES;
				CLANG_WARN_OBJC_ROOT_CLASS = YES_ERROR;
				CLANG_WARN_QUOTED_INCLUDE_IN_FRAMEWORK_HEADER = YES;
				CLANG_WARN_RANGE_LOOP_ANALYSIS = YES;
				CLANG_WARN_STRICT_PROTOTYPES = YES;
				CLANG_WARN_SUSPICIOUS_MOVE = YES;
				CLANG_WARN_UNGUARDED_AVAILABILITY = YES_AGGRESSIVE;
				CLANG_WARN_UNREACHABLE_CODE = YES;
				CLANG_WARN__DUPLICATE_METHOD_MATCH = YES;
				COPY_PHASE_STRIP = NO;
				DEBUG_INFORMATION_FORMAT = dwarf;
				ENABLE_STRICT_OBJC_MSGSEND = YES;
				ENABLE_TESTABILITY = YES;
				GCC_C_LANGUAGE_STANDARD = gnu11;
				GCC_DYNAMIC_NO_PIC = NO;
				GCC_NO_COMMON_BLOCKS = YES;
				GCC_OPTIMIZATION_LEVEL = 0;
				GCC_PREPROCESSOR_DEFINITIONS = (
					"DEBUG=1",
					"$(inherited)",
				);
				GCC_WARN_64_TO_32_BIT_CONVERSION = YES;
				GCC_WARN_ABOUT_RETURN_TYPE = YES_ERROR;
				GCC_WARN_UNDECLARED_SELECTOR = YES;
				GCC_WARN_UNINITIALIZED_AUTOS = YES_AGGRESSIVE;
				GCC_WARN_UNUSED_FUNCTION = YES;
				GCC_WARN_UNUSED_VARIABLE = YES;
				IPHONEOS_DEPLOYMENT_TARGET = 14.5;
				MTL_ENABLE_DEBUG_INFO = INCLUDE_SOURCE;
				MTL_FAST_MATH = YES;
				ONLY_ACTIVE_ARCH = YES;
				SDKROOT = iphoneos;
				SWIFT_ACTIVE_COMPILATION_CONDITIONS = DEBUG;
				SWIFT_OPTIMIZATION_LEVEL = "-Onone";
			};
			name = Debug;
		};
		BAD58F412712A94700BC1A15 /* Release */ = {
			isa = XCBuildConfiguration;
			buildSettings = {
				ALWAYS_SEARCH_USER_PATHS = NO;
				CLANG_ANALYZER_NONNULL = YES;
				CLANG_ANALYZER_NUMBER_OBJECT_CONVERSION = YES_AGGRESSIVE;
				CLANG_CXX_LANGUAGE_STANDARD = "gnu++14";
				CLANG_CXX_LIBRARY = "libc++";
				CLANG_ENABLE_MODULES = YES;
				CLANG_ENABLE_OBJC_ARC = YES;
				CLANG_ENABLE_OBJC_WEAK = YES;
				CLANG_WARN_BLOCK_CAPTURE_AUTORELEASING = YES;
				CLANG_WARN_BOOL_CONVERSION = YES;
				CLANG_WARN_COMMA = YES;
				CLANG_WARN_CONSTANT_CONVERSION = YES;
				CLANG_WARN_DEPRECATED_OBJC_IMPLEMENTATIONS = YES;
				CLANG_WARN_DIRECT_OBJC_ISA_USAGE = YES_ERROR;
				CLANG_WARN_DOCUMENTATION_COMMENTS = YES;
				CLANG_WARN_EMPTY_BODY = YES;
				CLANG_WARN_ENUM_CONVERSION = YES;
				CLANG_WARN_INFINITE_RECURSION = YES;
				CLANG_WARN_INT_CONVERSION = YES;
				CLANG_WARN_NON_LITERAL_NULL_CONVERSION = YES;
				CLANG_WARN_OBJC_IMPLICIT_RETAIN_SELF = YES;
				CLANG_WARN_OBJC_LITERAL_CONVERSION = YES;
				CLANG_WARN_OBJC_ROOT_CLASS = YES_ERROR;
				CLANG_WARN_QUOTED_INCLUDE_IN_FRAMEWORK_HEADER = YES;
				CLANG_WARN_RANGE_LOOP_ANALYSIS = YES;
				CLANG_WARN_STRICT_PROTOTYPES = YES;
				CLANG_WARN_SUSPICIOUS_MOVE = YES;
				CLANG_WARN_UNGUARDED_AVAILABILITY = YES_AGGRESSIVE;
				CLANG_WARN_UNREACHABLE_CODE = YES;
				CLANG_WARN__DUPLICATE_METHOD_MATCH = YES;
				COPY_PHASE_STRIP = NO;
				DEBUG_INFORMATION_FORMAT = "dwarf-with-dsym";
				ENABLE_NS_ASSERTIONS = NO;
				ENABLE_STRICT_OBJC_MSGSEND = YES;
				GCC_C_LANGUAGE_STANDARD = gnu11;
				GCC_NO_COMMON_BLOCKS = YES;
				GCC_WARN_64_TO_32_BIT_CONVERSION = YES;
				GCC_WARN_ABOUT_RETURN_TYPE = YES_ERROR;
				GCC_WARN_UNDECLARED_SELECTOR = YES;
				GCC_WARN_UNINITIALIZED_AUTOS = YES_AGGRESSIVE;
				GCC_WARN_UNUSED_FUNCTION = YES;
				GCC_WARN_UNUSED_VARIABLE = YES;
				IPHONEOS_DEPLOYMENT_TARGET = 14.5;
				MTL_ENABLE_DEBUG_INFO = NO;
				MTL_FAST_MATH = YES;
				SDKROOT = iphoneos;
				SWIFT_COMPILATION_MODE = wholemodule;
				SWIFT_OPTIMIZATION_LEVEL = "-O";
				VALIDATE_PRODUCT = YES;
			};
			name = Release;
		};
		BAD58F432712A94700BC1A15 /* Debug */ = {
			isa = XCBuildConfiguration;
			buildSettings = {
				ASSETCATALOG_COMPILER_APPICON_NAME = AppIcon;
				ASSETCATALOG_COMPILER_GLOBAL_ACCENT_COLOR_NAME = AccentColor;
				CODE_SIGN_STYLE = Automatic;
				DEVELOPMENT_ASSET_PATHS = "\"newsApp-SwiftUI/Preview Content\"";
				ENABLE_PREVIEWS = YES;
				INFOPLIST_FILE = "newsApp-SwiftUI/Info.plist";
				IPHONEOS_DEPLOYMENT_TARGET = 14.0;
				LD_RUNPATH_SEARCH_PATHS = (
					"$(inherited)",
					"@executable_path/Frameworks",
				);
				PRODUCT_BUNDLE_IDENTIFIER = "com.mazen.newsApp-SwiftUI";
				PRODUCT_NAME = "$(TARGET_NAME)";
				SWIFT_VERSION = 5.0;
				TARGETED_DEVICE_FAMILY = "1,2";
			};
			name = Debug;
		};
		BAD58F442712A94700BC1A15 /* Release */ = {
			isa = XCBuildConfiguration;
			buildSettings = {
				ASSETCATALOG_COMPILER_APPICON_NAME = AppIcon;
				ASSETCATALOG_COMPILER_GLOBAL_ACCENT_COLOR_NAME = AccentColor;
				CODE_SIGN_STYLE = Automatic;
				DEVELOPMENT_ASSET_PATHS = "\"newsApp-SwiftUI/Preview Content\"";
				ENABLE_PREVIEWS = YES;
				INFOPLIST_FILE = "newsApp-SwiftUI/Info.plist";
				IPHONEOS_DEPLOYMENT_TARGET = 14.0;
				LD_RUNPATH_SEARCH_PATHS = (
					"$(inherited)",
					"@executable_path/Frameworks",
				);
				PRODUCT_BUNDLE_IDENTIFIER = "com.mazen.newsApp-SwiftUI";
				PRODUCT_NAME = "$(TARGET_NAME)";
				SWIFT_VERSION = 5.0;
				TARGETED_DEVICE_FAMILY = "1,2";
			};
			name = Release;
		};
/* End XCBuildConfiguration section */

/* Begin XCConfigurationList section */
		BAD58F2E2712A94500BC1A15 /* Build configuration list for PBXProject "newsApp-SwiftUI" */ = {
			isa = XCConfigurationList;
			buildConfigurations = (
				BAD58F402712A94700BC1A15 /* Debug */,
				BAD58F412712A94700BC1A15 /* Release */,
			);
			defaultConfigurationIsVisible = 0;
			defaultConfigurationName = Release;
		};
		BAD58F422712A94700BC1A15 /* Build configuration list for PBXNativeTarget "newsApp-SwiftUI" */ = {
			isa = XCConfigurationList;
			buildConfigurations = (
				BAD58F432712A94700BC1A15 /* Debug */,
				BAD58F442712A94700BC1A15 /* Release */,
			);
			defaultConfigurationIsVisible = 0;
			defaultConfigurationName = Release;
		};
/* End XCConfigurationList section */
	};
	rootObject = BAD58F2B2712A94500BC1A15 /* Project object */;
}
